{
  "nodes": {
    "nixpkgs": {
      "locked": {
        "lastModified": 1663268520,
        "narHash": "sha256-Jf6wkoMOhWUdx9d9UarWHExvOUDzVa98OsPYvbNLVYo=",
        "owner": "NixOS",
        "repo": "nixpkgs",
        "rev": "823e2c9b0a0ec8b61b6583f48338072f137b6889",
        "type": "github"
      },
      "original": {
        "owner": "NixOS",
        "ref": "nixos-unstable",
        "repo": "nixpkgs",
        "type": "github"
      }
    },
    "root": {
      "inputs": {
        "nixpkgs": "nixpkgs"
      }
    }
  },
  "root": "root",
  "version": 7
}
